
Microsoft Visual Studio Solution File, Format Version 12.00
# Visual Studio 15
VisualStudioVersion = 15.0.28307.757
MinimumVisualStudioVersion = 10.0.40219.1
Project("{FAE04EC0-301F-11D3-BF4B-00C04F79EFBC}") = "XPathInjectionExample", "XPathInjectionExample\XPathInjectionExample.csproj", "{5FCCF77E-9051-449E-A1E2-27333F362B79}"
EndProject
Project("{FAE04EC0-301F-11D3-BF4B-00C04F79EFBC}") = "XPathCorrectExample", "XPathCorrectExample\XPathCorrectExample.csproj", "{88679301-479E-4030-8B9C-0468D8DFBB30}"
EndProject
Global
	GlobalSection(SolutionConfigurationPlatforms) = preSolution
		Debug|Any CPU = Debug|Any CPU
		Release|Any CPU = Release|Any CPU
	EndGlobalSection
	GlobalSection(ProjectConfigurationPlatforms) = postSolution
		{5FCCF77E-9051-449E-A1E2-27333F362B79}.Debug|Any CPU.ActiveCfg = Debug|Any CPU
		{5FCCF77E-9051-449E-A1E2-27333F362B79}.Debug|Any CPU.Build.0 = Debug|Any CPU
		{5FCCF77E-9051-449E-A1E2-27333F362B79}.Release|Any CPU.ActiveCfg = Release|Any CPU
		{5FCCF77E-9051-449E-A1E2-27333F362B79}.Release|Any CPU.Build.0 = Release|Any CPU
		{88679301-479E-4030-8B9C-0468D8DFBB30}.Debug|Any CPU.ActiveCfg = Debug|Any CPU
		{88679301-479E-4030-8B9C-0468D8DFBB30}.Debug|Any CPU.Build.0 = Debug|Any CPU
		{88679301-479E-4030-8B9C-0468D8DFBB30}.Release|Any CPU.ActiveCfg = Release|Any CPU
		{88679301-479E-4030-8B9C-0468D8DFBB30}.Release|Any CPU.Build.0 = Release|Any CPU
	EndGlobalSection
	GlobalSection(SolutionProperties) = preSolution
		HideSolutionNode = FALSE
	EndGlobalSection
	GlobalSection(ExtensibilityGlobals) = postSolution
		SolutionGuid = {BB78FC64-6778-4E0E-84A2-ECE63ED165E6}
	EndGlobalSection
EndGlobal
