
Microsoft Visual Studio Solution File, Format Version 12.00
# Visual Studio 15
VisualStudioVersion = 15.0.28307.757
MinimumVisualStudioVersion = 10.0.40219.1
Project("{FAE04EC0-301F-11D3-BF4B-00C04F79EFBC}") = "Vigenere", "Vigenere\Vigenere.csproj", "{C81F81D5-63AF-439F-BB3B-8C0B12375699}"
EndProject
Project("{FAE04EC0-301F-11D3-BF4B-00C04F79EFBC}") = "Vigenere.Tests", "Vigenere.Tests\Vigenere.Tests.csproj", "{B2AF428C-CE50-44A2-A90B-CFA9600E06B7}"
EndProject
Project("{FAE04EC0-301F-11D3-BF4B-00C04F79EFBC}") = "ConsoleApp", "ConsoleApp\ConsoleApp.csproj", "{1F6420E2-2C0F-4051-A3FB-FE93692DCEAB}"
EndProject
Global
	GlobalSection(SolutionConfigurationPlatforms) = preSolution
		Debug|Any CPU = Debug|Any CPU
		Release|Any CPU = Release|Any CPU
	EndGlobalSection
	GlobalSection(ProjectConfigurationPlatforms) = postSolution
		{C81F81D5-63AF-439F-BB3B-8C0B12375699}.Debug|Any CPU.ActiveCfg = Debug|Any CPU
		{C81F81D5-63AF-439F-BB3B-8C0B12375699}.Debug|Any CPU.Build.0 = Debug|Any CPU
		{C81F81D5-63AF-439F-BB3B-8C0B12375699}.Release|Any CPU.ActiveCfg = Release|Any CPU
		{C81F81D5-63AF-439F-BB3B-8C0B12375699}.Release|Any CPU.Build.0 = Release|Any CPU
		{B2AF428C-CE50-44A2-A90B-CFA9600E06B7}.Debug|Any CPU.ActiveCfg = Debug|Any CPU
		{B2AF428C-CE50-44A2-A90B-CFA9600E06B7}.Debug|Any CPU.Build.0 = Debug|Any CPU
		{B2AF428C-CE50-44A2-A90B-CFA9600E06B7}.Release|Any CPU.ActiveCfg = Release|Any CPU
		{B2AF428C-CE50-44A2-A90B-CFA9600E06B7}.Release|Any CPU.Build.0 = Release|Any CPU
		{1F6420E2-2C0F-4051-A3FB-FE93692DCEAB}.Debug|Any CPU.ActiveCfg = Debug|Any CPU
		{1F6420E2-2C0F-4051-A3FB-FE93692DCEAB}.Debug|Any CPU.Build.0 = Debug|Any CPU
		{1F6420E2-2C0F-4051-A3FB-FE93692DCEAB}.Release|Any CPU.ActiveCfg = Release|Any CPU
		{1F6420E2-2C0F-4051-A3FB-FE93692DCEAB}.Release|Any CPU.Build.0 = Release|Any CPU
	EndGlobalSection
	GlobalSection(SolutionProperties) = preSolution
		HideSolutionNode = FALSE
	EndGlobalSection
	GlobalSection(ExtensibilityGlobals) = postSolution
		SolutionGuid = {E4CD4D6C-E470-4EF9-849E-628DB5946B25}
	EndGlobalSection
EndGlobal
